
Microsoft Visual Studio Solution File, Format Version 12.00
# Visual Studio Version 16
VisualStudioVersion = 16.0.31112.23
MinimumVisualStudioVersion = 10.0.40219.1
Project("{FAE04EC0-301F-11D3-BF4B-00C04F79EFBC}") = "LacaApp", "LacaApp.csproj", "{36D7A27C-CF19-462E-BAE9-4525C9C1166C}"
EndProject
Global
	GlobalSection(SolutionConfigurationPlatforms) = preSolution
		Debug|Any CPU = Debug|Any CPU
		Release|Any CPU = Release|Any CPU
	EndGlobalSection
	GlobalSection(ProjectConfigurationPlatforms) = postSolution
		{36D7A27C-CF19-462E-BAE9-4525C9C1166C}.Debug|Any CPU.ActiveCfg = Debug|Any CPU
		{36D7A27C-CF19-462E-BAE9-4525C9C1166C}.Debug|Any CPU.Build.0 = Debug|Any CPU
		{36D7A27C-CF19-462E-BAE9-4525C9C1166C}.Release|Any CPU.ActiveCfg = Release|Any CPU
		{36D7A27C-CF19-462E-BAE9-4525C9C1166C}.Release|Any CPU.Build.0 = Release|Any CPU
	EndGlobalSection
	GlobalSection(SolutionProperties) = preSolution
		HideSolutionNode = FALSE
	EndGlobalSection
	GlobalSection(ExtensibilityGlobals) = postSolution
		SolutionGuid = {D54D7DDD-5296-46CD-8192-916F543831B8}
	EndGlobalSection
EndGlobal
